<?xml version="1.0" encoding="utf-8"?>
<Project ToolsVersion="4.0" xmlns="http://schemas.microsoft.com/developer/msbuild/2003">
  <ItemGroup>
    <ClCompile Include="KLApplication.cpp">
      <Filter>Source Files</Filter>
    </ClCompile>
    <ClCompile Include="KLCloud.cpp">
      <Filter>Source Files</Filter>
    </ClCompile>
    <ClCompile Include="KAPI.cpp">
      <Filter>Source Files</Filter>
    </ClCompile>
    <ClCompile Include="LListener.cpp">
      <Filter>Source Files</Filter>
    </ClCompile>
    <ClCompile Include="LProcessor.cpp">
      <Filter>Source Files</Filter>
    </ClCompile>
    <ClCompile Include="KHandDetector.cpp">
      <Filter>Source Files</Filter>
    </ClCompile>
    <ClCompile Include="DBSCAN.cpp">
      <Filter>Source Files</Filter>
    </ClCompile>
  </ItemGroup>
  <ItemGroup>
    <ClInclude Include="KHandDetector.h">
      <Filter>Header Files</Filter>
    </ClInclude>
    <ClInclude Include="KLApplication.h">
      <Filter>Header Files</Filter>
    </ClInclude>
    <ClInclude Include="KLCloud.h">
      <Filter>Header Files</Filter>
    </ClInclude>
    <ClInclude Include="KAPI.h">
      <Filter>Header Files</Filter>
    </ClInclude>
    <ClInclude Include="LListener.h">
      <Filter>Header Files</Filter>
    </ClInclude>
    <ClInclude Include="LProcessor.h">
      <Filter>Header Files</Filter>
    </ClInclude>
    <ClInclude Include="LeapToKinect.h">
      <Filter>Header Files</Filter>
    </ClInclude>
    <ClInclude Include="DBSCAN.h">
      <Filter>Header Files</Filter>
    </ClInclude>
  </ItemGroup>
  <ItemGroup>
    <CustomBuild Include="CMakeLists.txt" />
  </ItemGroup>
  <ItemGroup>
    <Filter Include="Source Files">
      <UniqueIdentifier>{7D4204C6-FC33-4748-B856-DAE0F1E73F26}</UniqueIdentifier>
    </Filter>
    <Filter Include="Header Files">
      <UniqueIdentifier>{47FB3B66-00B2-4EEF-B989-8AAC3A97B08B}</UniqueIdentifier>
    </Filter>
  </ItemGroup>
</Project>